
Microsoft Visual Studio Solution File, Format Version 12.00
# Visual Studio Version 17
VisualStudioVersion = 17.7.34202.233
MinimumVisualStudioVersion = 10.0.40219.1
Project("{9A19103F-16F7-4668-BE54-9A1E7A4F7556}") = "MyStealer", "MyStealer\MyStealer.csproj", "{782757DF-9B6E-4D47-8929-F9AAC4B4F522}"
EndProject
Project("{9A19103F-16F7-4668-BE54-9A1E7A4F7556}") = "MyStealerToolbox", "MyStealerToolbox\MyStealerToolbox.csproj", "{0D98F428-93CA-4D4C-A948-F948EE98EC3B}"
EndProject
Project("{9A19103F-16F7-4668-BE54-9A1E7A4F7556}") = "MyStealer.AntiDebug", "MyStealer.AntiDebug\MyStealer.AntiDebug.csproj", "{DE750B83-B48F-4BE3-A071-D9207D844F0A}"
EndProject
Project("{9A19103F-16F7-4668-BE54-9A1E7A4F7556}") = "MyStealer.Shared", "MyStealer.Shared\MyStealer.Shared.csproj", "{DBA0491D-63B4-4866-9FAB-9E123758C108}"
EndProject
Project("{8BC9CEB8-8B4A-11D0-8D11-00A0C91BC942}") = "MyStealer.AntiDebug.Native", "MyStealer.AntiDebug.Native\MyStealer.AntiDebug.Native.vcxproj", "{45DA28E6-1147-440F-95F6-8A0065417749}"
EndProject
Project("{9A19103F-16F7-4668-BE54-9A1E7A4F7556}") = "MyStealer.MyShell", "MyStealer.MyShell\MyStealer.MyShell.csproj", "{60C55D63-1FAB-414F-A00C-055A908C4BB4}"
EndProject
Global
	GlobalSection(SolutionConfigurationPlatforms) = preSolution
		Debug|Any CPU = Debug|Any CPU
		Debug|x64 = Debug|x64
		Debug|x86 = Debug|x86
		Release|Any CPU = Release|Any CPU
		Release|x64 = Release|x64
		Release|x86 = Release|x86
	EndGlobalSection
	GlobalSection(ProjectConfigurationPlatforms) = postSolution
		{782757DF-9B6E-4D47-8929-F9AAC4B4F522}.Debug|Any CPU.ActiveCfg = Debug|Any CPU
		{782757DF-9B6E-4D47-8929-F9AAC4B4F522}.Debug|Any CPU.Build.0 = Debug|Any CPU
		{782757DF-9B6E-4D47-8929-F9AAC4B4F522}.Debug|x64.ActiveCfg = Debug|Any CPU
		{782757DF-9B6E-4D47-8929-F9AAC4B4F522}.Debug|x64.Build.0 = Debug|Any CPU
		{782757DF-9B6E-4D47-8929-F9AAC4B4F522}.Debug|x86.ActiveCfg = Debug|Any CPU
		{782757DF-9B6E-4D47-8929-F9AAC4B4F522}.Debug|x86.Build.0 = Debug|Any CPU
		{782757DF-9B6E-4D47-8929-F9AAC4B4F522}.Release|Any CPU.ActiveCfg = Release|Any CPU
		{782757DF-9B6E-4D47-8929-F9AAC4B4F522}.Release|Any CPU.Build.0 = Release|Any CPU
		{782757DF-9B6E-4D47-8929-F9AAC4B4F522}.Release|x64.ActiveCfg = Release|Any CPU
		{782757DF-9B6E-4D47-8929-F9AAC4B4F522}.Release|x64.Build.0 = Release|Any CPU
		{782757DF-9B6E-4D47-8929-F9AAC4B4F522}.Release|x86.ActiveCfg = Release|Any CPU
		{782757DF-9B6E-4D47-8929-F9AAC4B4F522}.Release|x86.Build.0 = Release|Any CPU
		{0D98F428-93CA-4D4C-A948-F948EE98EC3B}.Debug|Any CPU.ActiveCfg = Debug|Any CPU
		{0D98F428-93CA-4D4C-A948-F948EE98EC3B}.Debug|Any CPU.Build.0 = Debug|Any CPU
		{0D98F428-93CA-4D4C-A948-F948EE98EC3B}.Debug|x64.ActiveCfg = Debug|Any CPU
		{0D98F428-93CA-4D4C-A948-F948EE98EC3B}.Debug|x64.Build.0 = Debug|Any CPU
		{0D98F428-93CA-4D4C-A948-F948EE98EC3B}.Debug|x86.ActiveCfg = Debug|Any CPU
		{0D98F428-93CA-4D4C-A948-F948EE98EC3B}.Debug|x86.Build.0 = Debug|Any CPU
		{0D98F428-93CA-4D4C-A948-F948EE98EC3B}.Release|Any CPU.ActiveCfg = Release|Any CPU
		{0D98F428-93CA-4D4C-A948-F948EE98EC3B}.Release|Any CPU.Build.0 = Release|Any CPU
		{0D98F428-93CA-4D4C-A948-F948EE98EC3B}.Release|x64.ActiveCfg = Release|Any CPU
		{0D98F428-93CA-4D4C-A948-F948EE98EC3B}.Release|x64.Build.0 = Release|Any CPU
		{0D98F428-93CA-4D4C-A948-F948EE98EC3B}.Release|x86.ActiveCfg = Release|Any CPU
		{0D98F428-93CA-4D4C-A948-F948EE98EC3B}.Release|x86.Build.0 = Release|Any CPU
		{DE750B83-B48F-4BE3-A071-D9207D844F0A}.Debug|Any CPU.ActiveCfg = Debug|Any CPU
		{DE750B83-B48F-4BE3-A071-D9207D844F0A}.Debug|Any CPU.Build.0 = Debug|Any CPU
		{DE750B83-B48F-4BE3-A071-D9207D844F0A}.Debug|x64.ActiveCfg = Debug|Any CPU
		{DE750B83-B48F-4BE3-A071-D9207D844F0A}.Debug|x64.Build.0 = Debug|Any CPU
		{DE750B83-B48F-4BE3-A071-D9207D844F0A}.Debug|x86.ActiveCfg = Debug|Any CPU
		{DE750B83-B48F-4BE3-A071-D9207D844F0A}.Debug|x86.Build.0 = Debug|Any CPU
		{DE750B83-B48F-4BE3-A071-D9207D844F0A}.Release|Any CPU.ActiveCfg = Release|Any CPU
		{DE750B83-B48F-4BE3-A071-D9207D844F0A}.Release|Any CPU.Build.0 = Release|Any CPU
		{DE750B83-B48F-4BE3-A071-D9207D844F0A}.Release|x64.ActiveCfg = Release|Any CPU
		{DE750B83-B48F-4BE3-A071-D9207D844F0A}.Release|x64.Build.0 = Release|Any CPU
		{DE750B83-B48F-4BE3-A071-D9207D844F0A}.Release|x86.ActiveCfg = Release|Any CPU
		{DE750B83-B48F-4BE3-A071-D9207D844F0A}.Release|x86.Build.0 = Release|Any CPU
		{DBA0491D-63B4-4866-9FAB-9E123758C108}.Debug|Any CPU.ActiveCfg = Debug|Any CPU
		{DBA0491D-63B4-4866-9FAB-9E123758C108}.Debug|Any CPU.Build.0 = Debug|Any CPU
		{DBA0491D-63B4-4866-9FAB-9E123758C108}.Debug|x64.ActiveCfg = Debug|Any CPU
		{DBA0491D-63B4-4866-9FAB-9E123758C108}.Debug|x64.Build.0 = Debug|Any CPU
		{DBA0491D-63B4-4866-9FAB-9E123758C108}.Debug|x86.ActiveCfg = Debug|Any CPU
		{DBA0491D-63B4-4866-9FAB-9E123758C108}.Debug|x86.Build.0 = Debug|Any CPU
		{DBA0491D-63B4-4866-9FAB-9E123758C108}.Release|Any CPU.ActiveCfg = Release|Any CPU
		{DBA0491D-63B4-4866-9FAB-9E123758C108}.Release|Any CPU.Build.0 = Release|Any CPU
		{DBA0491D-63B4-4866-9FAB-9E123758C108}.Release|x64.ActiveCfg = Release|Any CPU
		{DBA0491D-63B4-4866-9FAB-9E123758C108}.Release|x64.Build.0 = Release|Any CPU
		{DBA0491D-63B4-4866-9FAB-9E123758C108}.Release|x86.ActiveCfg = Release|Any CPU
		{DBA0491D-63B4-4866-9FAB-9E123758C108}.Release|x86.Build.0 = Release|Any CPU
		{45DA28E6-1147-440F-95F6-8A0065417749}.Debug|Any CPU.ActiveCfg = Debug|x64
		{45DA28E6-1147-440F-95F6-8A0065417749}.Debug|Any CPU.Build.0 = Debug|x64
		{45DA28E6-1147-440F-95F6-8A0065417749}.Debug|x64.ActiveCfg = Debug|x64
		{45DA28E6-1147-440F-95F6-8A0065417749}.Debug|x64.Build.0 = Debug|x64
		{45DA28E6-1147-440F-95F6-8A0065417749}.Debug|x86.ActiveCfg = Debug|Win32
		{45DA28E6-1147-440F-95F6-8A0065417749}.Debug|x86.Build.0 = Debug|Win32
		{45DA28E6-1147-440F-95F6-8A0065417749}.Release|Any CPU.ActiveCfg = Release|x64
		{45DA28E6-1147-440F-95F6-8A0065417749}.Release|Any CPU.Build.0 = Release|x64
		{45DA28E6-1147-440F-95F6-8A0065417749}.Release|x64.ActiveCfg = Release|x64
		{45DA28E6-1147-440F-95F6-8A0065417749}.Release|x64.Build.0 = Release|x64
		{45DA28E6-1147-440F-95F6-8A0065417749}.Release|x86.ActiveCfg = Release|Win32
		{45DA28E6-1147-440F-95F6-8A0065417749}.Release|x86.Build.0 = Release|Win32
		{60C55D63-1FAB-414F-A00C-055A908C4BB4}.Debug|Any CPU.ActiveCfg = Debug|Any CPU
		{60C55D63-1FAB-414F-A00C-055A908C4BB4}.Debug|Any CPU.Build.0 = Debug|Any CPU
		{60C55D63-1FAB-414F-A00C-055A908C4BB4}.Debug|x64.ActiveCfg = Debug|Any CPU
		{60C55D63-1FAB-414F-A00C-055A908C4BB4}.Debug|x64.Build.0 = Debug|Any CPU
		{60C55D63-1FAB-414F-A00C-055A908C4BB4}.Debug|x86.ActiveCfg = Debug|Any CPU
		{60C55D63-1FAB-414F-A00C-055A908C4BB4}.Debug|x86.Build.0 = Debug|Any CPU
		{60C55D63-1FAB-414F-A00C-055A908C4BB4}.Release|Any CPU.ActiveCfg = Release|Any CPU
		{60C55D63-1FAB-414F-A00C-055A908C4BB4}.Release|Any CPU.Build.0 = Release|Any CPU
		{60C55D63-1FAB-414F-A00C-055A908C4BB4}.Release|x64.ActiveCfg = Release|Any CPU
		{60C55D63-1FAB-414F-A00C-055A908C4BB4}.Release|x64.Build.0 = Release|Any CPU
		{60C55D63-1FAB-414F-A00C-055A908C4BB4}.Release|x86.ActiveCfg = Release|Any CPU
		{60C55D63-1FAB-414F-A00C-055A908C4BB4}.Release|x86.Build.0 = Release|Any CPU
	EndGlobalSection
	GlobalSection(SolutionProperties) = preSolution
		HideSolutionNode = FALSE
	EndGlobalSection
	GlobalSection(ExtensibilityGlobals) = postSolution
		SolutionGuid = {ED738887-9305-4483-AE78-9AEDE378B3AB}
	EndGlobalSection
EndGlobal
